
Microsoft Visual Studio Solution File, Format Version 12.00
# Visual Studio Version 17
VisualStudioVersion = 17.1.32319.34
MinimumVisualStudioVersion = 10.0.40219.1
Project("{9A19103F-16F7-4668-BE54-9A1E7A4F7556}") = "iPhoto", "iPhoto.csproj", "{90C1F1E8-8FF8-4A6C-AC5B-DCE63FDEAD4A}"
EndProject
Global
	GlobalSection(SolutionConfigurationPlatforms) = preSolution
		Debug|Any CPU = Debug|Any CPU
		Release|Any CPU = Release|Any CPU
	EndGlobalSection
	GlobalSection(ProjectConfigurationPlatforms) = postSolution
		{90C1F1E8-8FF8-4A6C-AC5B-DCE63FDEAD4A}.Debug|Any CPU.ActiveCfg = Debug|Any CPU
		{90C1F1E8-8FF8-4A6C-AC5B-DCE63FDEAD4A}.Debug|Any CPU.Build.0 = Debug|Any CPU
		{90C1F1E8-8FF8-4A6C-AC5B-DCE63FDEAD4A}.Release|Any CPU.ActiveCfg = Release|Any CPU
		{90C1F1E8-8FF8-4A6C-AC5B-DCE63FDEAD4A}.Release|Any CPU.Build.0 = Release|Any CPU
	EndGlobalSection
	GlobalSection(SolutionProperties) = preSolution
		HideSolutionNode = FALSE
	EndGlobalSection
	GlobalSection(ExtensibilityGlobals) = postSolution
		SolutionGuid = {2423A103-4C19-412C-A191-C3209C240C39}
	EndGlobalSection
EndGlobal
